
Microsoft Visual Studio Solution File, Format Version 12.00
# Visual Studio Version 16
VisualStudioVersion = 16.0.30804.86
MinimumVisualStudioVersion = 10.0.40219.1
Project("{FAE04EC0-301F-11D3-BF4B-00C04F79EFBC}") = "kampödevDictionary", "kampödevDictionary\kampödevDictionary.csproj", "{E91042BC-0B05-4719-9426-1E6596395A4F}"
EndProject
Global
	GlobalSection(SolutionConfigurationPlatforms) = preSolution
		Debug|Any CPU = Debug|Any CPU
		Release|Any CPU = Release|Any CPU
	EndGlobalSection
	GlobalSection(ProjectConfigurationPlatforms) = postSolution
		{E91042BC-0B05-4719-9426-1E6596395A4F}.Debug|Any CPU.ActiveCfg = Debug|Any CPU
		{E91042BC-0B05-4719-9426-1E6596395A4F}.Debug|Any CPU.Build.0 = Debug|Any CPU
		{E91042BC-0B05-4719-9426-1E6596395A4F}.Release|Any CPU.ActiveCfg = Release|Any CPU
		{E91042BC-0B05-4719-9426-1E6596395A4F}.Release|Any CPU.Build.0 = Release|Any CPU
	EndGlobalSection
	GlobalSection(SolutionProperties) = preSolution
		HideSolutionNode = FALSE
	EndGlobalSection
	GlobalSection(ExtensibilityGlobals) = postSolution
		SolutionGuid = {74A20D52-1200-44AB-BF54-FB0718C1F76E}
	EndGlobalSection
EndGlobal
